
Microsoft Visual Studio Solution File, Format Version 12.00
# Visual Studio 15
VisualStudioVersion = 15.0.28307.136
MinimumVisualStudioVersion = 10.0.40219.1
Project("{FAE04EC0-301F-11D3-BF4B-00C04F79EFBC}") = "DrivingSchoolWebApp.Web", "DrivingSchoolWebApp.Web\DrivingSchoolWebApp.Web.csproj", "{EDB3FD0B-3ECE-44B9-B2CD-387609CCA06E}"
EndProject
Project("{FAE04EC0-301F-11D3-BF4B-00C04F79EFBC}") = "DrivingSchoolWebApp.Data", "DrivingSchoolWebApp.Data\DrivingSchoolWebApp.Data.csproj", "{B555EAEA-9C87-4456-BB60-AAFD4D3BDF0A}"
EndProject
Project("{FAE04EC0-301F-11D3-BF4B-00C04F79EFBC}") = "DrivingSchoolWebApp.Data.Models", "DrivingSchoolWebApp.Data.Models\DrivingSchoolWebApp.Data.Models.csproj", "{0C41A71C-400B-41DB-839B-B63EF75CA5C4}"
EndProject
Project("{FAE04EC0-301F-11D3-BF4B-00C04F79EFBC}") = "Sandbox", "DrivingSchoolWebApp.Tests\Sandbox\Sandbox.csproj", "{485262DC-ACE1-4AB9-8519-B04C6C3BD677}"
EndProject
Project("{FAE04EC0-301F-11D3-BF4B-00C04F79EFBC}") = "DrivingSchoolWebApp.Data.Common", "DrivingSchoolWebApp.Data.Common\DrivingSchoolWebApp.Data.Common.csproj", "{62CFC8CB-1E8B-4FFF-8A7D-A99786C223C0}"
EndProject
Global
	GlobalSection(SolutionConfigurationPlatforms) = preSolution
		Debug|Any CPU = Debug|Any CPU
		Release|Any CPU = Release|Any CPU
	EndGlobalSection
	GlobalSection(ProjectConfigurationPlatforms) = postSolution
		{EDB3FD0B-3ECE-44B9-B2CD-387609CCA06E}.Debug|Any CPU.ActiveCfg = Debug|Any CPU
		{EDB3FD0B-3ECE-44B9-B2CD-387609CCA06E}.Debug|Any CPU.Build.0 = Debug|Any CPU
		{EDB3FD0B-3ECE-44B9-B2CD-387609CCA06E}.Release|Any CPU.ActiveCfg = Release|Any CPU
		{EDB3FD0B-3ECE-44B9-B2CD-387609CCA06E}.Release|Any CPU.Build.0 = Release|Any CPU
		{B555EAEA-9C87-4456-BB60-AAFD4D3BDF0A}.Debug|Any CPU.ActiveCfg = Debug|Any CPU
		{B555EAEA-9C87-4456-BB60-AAFD4D3BDF0A}.Debug|Any CPU.Build.0 = Debug|Any CPU
		{B555EAEA-9C87-4456-BB60-AAFD4D3BDF0A}.Release|Any CPU.ActiveCfg = Release|Any CPU
		{B555EAEA-9C87-4456-BB60-AAFD4D3BDF0A}.Release|Any CPU.Build.0 = Release|Any CPU
		{0C41A71C-400B-41DB-839B-B63EF75CA5C4}.Debug|Any CPU.ActiveCfg = Debug|Any CPU
		{0C41A71C-400B-41DB-839B-B63EF75CA5C4}.Debug|Any CPU.Build.0 = Debug|Any CPU
		{0C41A71C-400B-41DB-839B-B63EF75CA5C4}.Release|Any CPU.ActiveCfg = Release|Any CPU
		{0C41A71C-400B-41DB-839B-B63EF75CA5C4}.Release|Any CPU.Build.0 = Release|Any CPU
		{485262DC-ACE1-4AB9-8519-B04C6C3BD677}.Debug|Any CPU.ActiveCfg = Debug|Any CPU
		{485262DC-ACE1-4AB9-8519-B04C6C3BD677}.Debug|Any CPU.Build.0 = Debug|Any CPU
		{485262DC-ACE1-4AB9-8519-B04C6C3BD677}.Release|Any CPU.ActiveCfg = Release|Any CPU
		{485262DC-ACE1-4AB9-8519-B04C6C3BD677}.Release|Any CPU.Build.0 = Release|Any CPU
		{62CFC8CB-1E8B-4FFF-8A7D-A99786C223C0}.Debug|Any CPU.ActiveCfg = Debug|Any CPU
		{62CFC8CB-1E8B-4FFF-8A7D-A99786C223C0}.Debug|Any CPU.Build.0 = Debug|Any CPU
		{62CFC8CB-1E8B-4FFF-8A7D-A99786C223C0}.Release|Any CPU.ActiveCfg = Release|Any CPU
		{62CFC8CB-1E8B-4FFF-8A7D-A99786C223C0}.Release|Any CPU.Build.0 = Release|Any CPU
	EndGlobalSection
	GlobalSection(SolutionProperties) = preSolution
		HideSolutionNode = FALSE
	EndGlobalSection
	GlobalSection(ExtensibilityGlobals) = postSolution
		SolutionGuid = {8EF1F1F5-02BA-4BF6-8098-432E3C60660F}
	EndGlobalSection
EndGlobal
